<?xml version="1.0" encoding="UTF-8" standalone="yes" ?>
<CodeBlocks_project_file>
	<FileVersion major="1" minor="6" />
	<Project>
		<Option title="psychic-lana" />
		<Option pch_mode="2" />
		<Option compiler="gcc" />
		<Build>
			<Target title="Debug">
				<Option output="bin\Debug\psychic-lana" prefix_auto="1" extension_auto="1" />
				<Option object_output="obj\Debug\" />
				<Option type="0" />
				<Option compiler="gcc" />
				<Compiler>
					<Add option="-g" />
					<Add directory="include" />
					<Add directory="src" />
				</Compiler>
			</Target>
		</Build>
		<Compiler>
			<Add option="-Wall" />
		</Compiler>
		<Unit filename="include\Ball.h" />
		<Unit filename="include\Game.h" />
		<Unit filename="include\Game_Object.h" />
		<Unit filename="include\GlobalHeader.h" />
		<Unit filename="include\Globals.h" />
		<Unit filename="include\Menu.h" />
		<Unit filename="include\Paddle.h" />
		<Unit filename="include\Pickup.h" />
		<Unit filename="include\Timer.h" />
		<Unit filename="src\Ball.cpp" />
		<Unit filename="src\Game.cpp" />
		<Unit filename="src\Game_Object.cpp" />
		<Unit filename="src\Menu.cpp" />
		<Unit filename="src\Paddle.cpp" />
		<Unit filename="src\Pickup.cpp" />
		<Unit filename="src\Timer.cpp" />
		<Unit filename="src\main.cpp" />
		<Extensions>
			<code_completion />
			<debugger />
		</Extensions>
	</Project>
</CodeBlocks_project_file>
