
Microsoft Visual Studio Solution File, Format Version 11.00
# Visual Studio 2010
Project("{FAE04EC0-301F-11D3-BF4B-00C04F79EFBC}") = "TugOfWar", "TugOfWar\TugOfWar\TugOfWar.csproj", "{022BF799-3A7C-417F-9545-9D35D3E25AB5}"
EndProject
Project("{FAE04EC0-301F-11D3-BF4B-00C04F79EFBC}") = "TugOfWarContent", "TugOfWar\TugOfWarContent\TugOfWarContent.contentproj", "{20963368-A9DC-4293-8A3C-2C633C757F7E}"
EndProject
Project("{FAE04EC0-301F-11D3-BF4B-00C04F79EFBC}") = "multiplayer_dummy_launch", "multiplayer_dummy_launch\multiplayer_dummy_launch.csproj", "{4E32A6DE-7E1B-4D5D-AB0C-26B71EA53BB3}"
EndProject
Global
	GlobalSection(SolutionConfigurationPlatforms) = preSolution
		Debug|x86 = Debug|x86
		Release|x86 = Release|x86
	EndGlobalSection
	GlobalSection(ProjectConfigurationPlatforms) = postSolution
		{022BF799-3A7C-417F-9545-9D35D3E25AB5}.Debug|x86.ActiveCfg = Debug|x86
		{022BF799-3A7C-417F-9545-9D35D3E25AB5}.Debug|x86.Build.0 = Debug|x86
		{022BF799-3A7C-417F-9545-9D35D3E25AB5}.Release|x86.ActiveCfg = Release|x86
		{022BF799-3A7C-417F-9545-9D35D3E25AB5}.Release|x86.Build.0 = Release|x86
		{20963368-A9DC-4293-8A3C-2C633C757F7E}.Debug|x86.ActiveCfg = Debug|x86
		{20963368-A9DC-4293-8A3C-2C633C757F7E}.Release|x86.ActiveCfg = Release|x86
		{4E32A6DE-7E1B-4D5D-AB0C-26B71EA53BB3}.Debug|x86.ActiveCfg = Debug|x86
		{4E32A6DE-7E1B-4D5D-AB0C-26B71EA53BB3}.Release|x86.ActiveCfg = Release|x86
		{4E32A6DE-7E1B-4D5D-AB0C-26B71EA53BB3}.Release|x86.Build.0 = Release|x86
	EndGlobalSection
	GlobalSection(SolutionProperties) = preSolution
		HideSolutionNode = FALSE
	EndGlobalSection
EndGlobal
