
Microsoft Visual Studio Solution File, Format Version 12.00
# Visual Studio 2013
VisualStudioVersion = 12.0.30110.0
MinimumVisualStudioVersion = 10.0.40219.1
Project("{FAE04EC0-301F-11D3-BF4B-00C04F79EFBC}") = "RoboPoker", "RoboPoker\RoboPoker.csproj", "{F6679E68-00F6-43DC-B1F9-E14B9E0ACC38}"
EndProject
Project("{FAE04EC0-301F-11D3-BF4B-00C04F79EFBC}") = "TableRunner", "TableRunner\TableRunner.csproj", "{C0AAFDFA-6CE0-4B71-85B1-18B56791C609}"
EndProject
Project("{FAE04EC0-301F-11D3-BF4B-00C04F79EFBC}") = "UnitTest", "UnitTest\UnitTest.csproj", "{257F263A-0BF3-4E9F-8FA1-8D03F4130602}"
EndProject
Global
	GlobalSection(SolutionConfigurationPlatforms) = preSolution
		Debug|Any CPU = Debug|Any CPU
		Release|Any CPU = Release|Any CPU
	EndGlobalSection
	GlobalSection(ProjectConfigurationPlatforms) = postSolution
		{F6679E68-00F6-43DC-B1F9-E14B9E0ACC38}.Debug|Any CPU.ActiveCfg = Debug|Any CPU
		{F6679E68-00F6-43DC-B1F9-E14B9E0ACC38}.Debug|Any CPU.Build.0 = Debug|Any CPU
		{F6679E68-00F6-43DC-B1F9-E14B9E0ACC38}.Release|Any CPU.ActiveCfg = Release|Any CPU
		{F6679E68-00F6-43DC-B1F9-E14B9E0ACC38}.Release|Any CPU.Build.0 = Release|Any CPU
		{C0AAFDFA-6CE0-4B71-85B1-18B56791C609}.Debug|Any CPU.ActiveCfg = Debug|Any CPU
		{C0AAFDFA-6CE0-4B71-85B1-18B56791C609}.Debug|Any CPU.Build.0 = Debug|Any CPU
		{C0AAFDFA-6CE0-4B71-85B1-18B56791C609}.Release|Any CPU.ActiveCfg = Release|Any CPU
		{C0AAFDFA-6CE0-4B71-85B1-18B56791C609}.Release|Any CPU.Build.0 = Release|Any CPU
		{257F263A-0BF3-4E9F-8FA1-8D03F4130602}.Debug|Any CPU.ActiveCfg = Debug|Any CPU
		{257F263A-0BF3-4E9F-8FA1-8D03F4130602}.Debug|Any CPU.Build.0 = Debug|Any CPU
		{257F263A-0BF3-4E9F-8FA1-8D03F4130602}.Release|Any CPU.ActiveCfg = Release|Any CPU
		{257F263A-0BF3-4E9F-8FA1-8D03F4130602}.Release|Any CPU.Build.0 = Release|Any CPU
	EndGlobalSection
	GlobalSection(SolutionProperties) = preSolution
		HideSolutionNode = FALSE
	EndGlobalSection
EndGlobal
